<Solution>
  <Project Path="ThreadingJobEditor.csproj" />
  <Project Path="Unity.WebRTC.Samples.csproj" />
  <Project Path="SplineRuntime.csproj" />
  <Project Path="WitChess.Runtime.csproj" />
  <Project Path="MapView.csproj" />
  <Project Path="WitAnimationRig.csproj" />
  <Project Path="WitShells.WitPose.Editor.csproj" />
  <Project Path="WitShells.DialogsManager.csproj" />
  <Project Path="WitShells.McqUI.csproj" />
  <Project Path="WitDesignPattern.csproj" />
  <Project Path="WitClientApi.csproj" />
  <Project Path="Assembly-CSharp.csproj" />
  <Project Path="WitShells.ShootingSystem.csproj" />
  <Project Path="ParticlesPresets.csproj" />
  <Project Path="UMotionSourceEditor.csproj" />
  <Project Path="Broadcast.csproj" />
  <Project Path="WitShells.WebRTCWit.csproj" />
  <Project Path="DesignPatternEditor.csproj" />
  <Project Path="MilitaryGridSystem.Editor.csproj" />
  <Project Path="WitShells.CanvasDrawTool.csproj" />
  <Project Path="WitAnimationRig.Editor.csproj" />
  <Project Path="WitActor.csproj" />
  <Project Path="ThirdPersonControl.csproj" />
  <Project Path="WitShells.CanvasDrawTool.Editor.csproj" />
  <Project Path="ThreadingJob.csproj" />
  <Project Path="WitShells.McqUI.Editor.csproj" />
  <Project Path="SimpleCarController.Editor.csproj" />
  <Project Path="SimpleVehicleControl.csproj" />
  <Project Path="Assembly-CSharp-Editor.csproj" />
  <Project Path="WitWebSocket.Editor.csproj" />
  <Project Path="MilitaryGridSystem.csproj" />
  <Project Path="BroadcsatEditor.csproj" />
  <Project Path="WitActor.Editor.csproj" />
  <Project Path="ThirdPersonControl.Editor.csproj" />
  <Project Path="WitMultiplayer.csproj" />
  <Project Path="WitShells.WitPose.Runtime.csproj" />
  <Project Path="WitWebSocket.csproj" />
  <Project Path="UMotionSourceApplication.csproj" />
  <Project Path="Unity.WebRTC.Samples.Editror.csproj" />
  <Project Path="WitShells.TankControls.csproj" />
</Solution>
